
Microsoft Visual Studio Solution File, Format Version 12.00
# Visual Studio Version 17
VisualStudioVersion = 17.1.32407.343
MinimumVisualStudioVersion = 10.0.40219.1
Project("{FAE04EC0-301F-11D3-BF4B-00C04F79EFBC}") = "gyak11_12", "gyak11_12\gyak11_12.csproj", "{072D0168-B2EC-49D4-B7BC-FB4E2FBEF94F}"
EndProject
Global
	GlobalSection(SolutionConfigurationPlatforms) = preSolution
		Debug|Any CPU = Debug|Any CPU
		Release|Any CPU = Release|Any CPU
	EndGlobalSection
	GlobalSection(ProjectConfigurationPlatforms) = postSolution
		{072D0168-B2EC-49D4-B7BC-FB4E2FBEF94F}.Debug|Any CPU.ActiveCfg = Debug|Any CPU
		{072D0168-B2EC-49D4-B7BC-FB4E2FBEF94F}.Debug|Any CPU.Build.0 = Debug|Any CPU
		{072D0168-B2EC-49D4-B7BC-FB4E2FBEF94F}.Release|Any CPU.ActiveCfg = Release|Any CPU
		{072D0168-B2EC-49D4-B7BC-FB4E2FBEF94F}.Release|Any CPU.Build.0 = Release|Any CPU
	EndGlobalSection
	GlobalSection(SolutionProperties) = preSolution
		HideSolutionNode = FALSE
	EndGlobalSection
	GlobalSection(ExtensibilityGlobals) = postSolution
		SolutionGuid = {00DEDC43-5332-4DD7-B942-46CEDE61E524}
	EndGlobalSection
EndGlobal
